// !$*UTF8*$!
{
	archiveVersion = 1;
	classes = {
	};
	objectVersion = 55;
	objects = {

/* Begin PBXBuildFile section */
		7966C09627DBA3F800DB2AF6 /* AppDelegate.swift in Sources */ = {isa = PBXBuildFile; fileRef = 7966C09527DBA3F800DB2AF6 /* AppDelegate.swift */; };
		7966C09827DBA3F800DB2AF6 /* SceneDelegate.swift in Sources */ = {isa = PBXBuildFile; fileRef = 7966C09727DBA3F800DB2AF6 /* SceneDelegate.swift */; };
		7966C09A27DBA3F800DB2AF6 /* ToDoListViewController.swift in Sources */ = {isa = PBXBuildFile; fileRef = 7966C09927DBA3F800DB2AF6 /* ToDoListViewController.swift */; };
		7966C09D27DBA3F800DB2AF6 /* Main.storyboard in Resources */ = {isa = PBXBuildFile; fileRef = 7966C09B27DBA3F800DB2AF6 /* Main.storyboard */; };
		7966C09F27DBA3FA00DB2AF6 /* Assets.xcassets in Resources */ = {isa = PBXBuildFile; fileRef = 7966C09E27DBA3FA00DB2AF6 /* Assets.xcassets */; };
		7966C0A227DBA3FA00DB2AF6 /* LaunchScreen.storyboard in Resources */ = {isa = PBXBuildFile; fileRef = 7966C0A027DBA3FA00DB2AF6 /* LaunchScreen.storyboard */; };
		7971B29527F0DCFD0052F785 /* Hue in Frameworks */ = {isa = PBXBuildFile; productRef = 7971B29427F0DCFD0052F785 /* Hue */; };
		79A1BCC027E9257500BB27AC /* CategoryViewController.swift in Sources */ = {isa = PBXBuildFile; fileRef = 79A1BCBF27E9257500BB27AC /* CategoryViewController.swift */; };
		79BF5CC927EF9C1400B2345F /* SwipeCellKit in Frameworks */ = {isa = PBXBuildFile; productRef = 79BF5CC827EF9C1400B2345F /* SwipeCellKit */; };
		79BF5CCD27EFE16D00B2345F /* SwipeTableViewController.swift in Sources */ = {isa = PBXBuildFile; fileRef = 79BF5CCC27EFE16D00B2345F /* SwipeTableViewController.swift */; };
		79C83F6B27EBAA8500590EEE /* Realm in Frameworks */ = {isa = PBXBuildFile; productRef = 79C83F6A27EBAA8500590EEE /* Realm */; };
		79C83F6D27EBAA8500590EEE /* RealmSwift in Frameworks */ = {isa = PBXBuildFile; productRef = 79C83F6C27EBAA8500590EEE /* RealmSwift */; };
		79C83F7127ECB66A00590EEE /* Item.swift in Sources */ = {isa = PBXBuildFile; fileRef = 79C83F7027ECB66A00590EEE /* Item.swift */; };
		79C83F7327ECB67500590EEE /* Category.swift in Sources */ = {isa = PBXBuildFile; fileRef = 79C83F7227ECB67500590EEE /* Category.swift */; };
/* End PBXBuildFile section */

/* Begin PBXFileReference section */
		7966C09227DBA3F800DB2AF6 /* ToDoList.app */ = {isa = PBXFileReference; explicitFileType = wrapper.application; includeInIndex = 0; path = ToDoList.app; sourceTree = BUILT_PRODUCTS_DIR; };
		7966C09527DBA3F800DB2AF6 /* AppDelegate.swift */ = {isa = PBXFileReference; lastKnownFileType = sourcecode.swift; path = AppDelegate.swift; sourceTree = "<group>"; };
		7966C09727DBA3F800DB2AF6 /* SceneDelegate.swift */ = {isa = PBXFileReference; lastKnownFileType = sourcecode.swift; path = SceneDelegate.swift; sourceTree = "<group>"; };
		7966C09927DBA3F800DB2AF6 /* ToDoListViewController.swift */ = {isa = PBXFileReference; lastKnownFileType = sourcecode.swift; path = ToDoListViewController.swift; sourceTree = "<group>"; };
		7966C09C27DBA3F800DB2AF6 /* Base */ = {isa = PBXFileReference; lastKnownFileType = file.storyboard; name = Base; path = Base.lproj/Main.storyboard; sourceTree = "<group>"; };
		7966C09E27DBA3FA00DB2AF6 /* Assets.xcassets */ = {isa = PBXFileReference; lastKnownFileType = folder.assetcatalog; path = Assets.xcassets; sourceTree = "<group>"; };
		7966C0A127DBA3FA00DB2AF6 /* Base */ = {isa = PBXFileReference; lastKnownFileType = file.storyboard; name = Base; path = Base.lproj/LaunchScreen.storyboard; sourceTree = "<group>"; };
		7966C0A327DBA3FA00DB2AF6 /* Info.plist */ = {isa = PBXFileReference; lastKnownFileType = text.plist.xml; path = Info.plist; sourceTree = "<group>"; };
		79A1BCBF27E9257500BB27AC /* CategoryViewController.swift */ = {isa = PBXFileReference; lastKnownFileType = sourcecode.swift; path = CategoryViewController.swift; sourceTree = "<group>"; };
		79BF5CCC27EFE16D00B2345F /* SwipeTableViewController.swift */ = {isa = PBXFileReference; lastKnownFileType = sourcecode.swift; path = SwipeTableViewController.swift; sourceTree = "<group>"; };
		79C83F7027ECB66A00590EEE /* Item.swift */ = {isa = PBXFileReference; lastKnownFileType = sourcecode.swift; path = Item.swift; sourceTree = "<group>"; };
		79C83F7227ECB67500590EEE /* Category.swift */ = {isa = PBXFileReference; lastKnownFileType = sourcecode.swift; path = Category.swift; sourceTree = "<group>"; };
/* End PBXFileReference section */

/* Begin PBXFrameworksBuildPhase section */
		7966C08F27DBA3F800DB2AF6 /* Frameworks */ = {
			isa = PBXFrameworksBuildPhase;
			buildActionMask = 2147483647;
			files = (
				79C83F6D27EBAA8500590EEE /* RealmSwift in Frameworks */,
				7971B29527F0DCFD0052F785 /* Hue in Frameworks */,
				79BF5CC927EF9C1400B2345F /* SwipeCellKit in Frameworks */,
				79C83F6B27EBAA8500590EEE /* Realm in Frameworks */,
			);
			runOnlyForDeploymentPostprocessing = 0;
		};
/* End PBXFrameworksBuildPhase section */

/* Begin PBXGroup section */
		795105E727DFD1DC00E65C60 /* Model */ = {
			isa = PBXGroup;
			children = (
				79C83F7227ECB67500590EEE /* Category.swift */,
				79C83F7027ECB66A00590EEE /* Item.swift */,
			);
			path = Model;
			sourceTree = "<group>";
		};
		795105EA27DFD23300E65C60 /* Controller */ = {
			isa = PBXGroup;
			children = (
				79A1BCBF27E9257500BB27AC /* CategoryViewController.swift */,
				7966C09927DBA3F800DB2AF6 /* ToDoListViewController.swift */,
				7966C09527DBA3F800DB2AF6 /* AppDelegate.swift */,
				7966C09727DBA3F800DB2AF6 /* SceneDelegate.swift */,
				79BF5CCC27EFE16D00B2345F /* SwipeTableViewController.swift */,
			);
			path = Controller;
			sourceTree = "<group>";
		};
		795105EB27DFD23B00E65C60 /* View */ = {
			isa = PBXGroup;
			children = (
				7966C0A027DBA3FA00DB2AF6 /* LaunchScreen.storyboard */,
				7966C09B27DBA3F800DB2AF6 /* Main.storyboard */,
			);
			path = View;
			sourceTree = "<group>";
		};
		795105EC27DFD25C00E65C60 /* Supporting Files */ = {
			isa = PBXGroup;
			children = (
				7966C09E27DBA3FA00DB2AF6 /* Assets.xcassets */,
			);
			path = "Supporting Files";
			sourceTree = "<group>";
		};
		7966C08927DBA3F800DB2AF6 = {
			isa = PBXGroup;
			children = (
				7966C09427DBA3F800DB2AF6 /* ToDoList */,
				7966C09327DBA3F800DB2AF6 /* Products */,
			);
			sourceTree = "<group>";
		};
		7966C09327DBA3F800DB2AF6 /* Products */ = {
			isa = PBXGroup;
			children = (
				7966C09227DBA3F800DB2AF6 /* ToDoList.app */,
			);
			name = Products;
			sourceTree = "<group>";
		};
		7966C09427DBA3F800DB2AF6 /* ToDoList */ = {
			isa = PBXGroup;
			children = (
				795105E727DFD1DC00E65C60 /* Model */,
				795105EA27DFD23300E65C60 /* Controller */,
				795105EB27DFD23B00E65C60 /* View */,
				795105EC27DFD25C00E65C60 /* Supporting Files */,
				7966C0A327DBA3FA00DB2AF6 /* Info.plist */,
			);
			path = ToDoList;
			sourceTree = "<group>";
		};
/* End PBXGroup section */

/* Begin PBXNativeTarget section */
		7966C09127DBA3F800DB2AF6 /* ToDoList */ = {
			isa = PBXNativeTarget;
			buildConfigurationList = 7966C0A627DBA3FA00DB2AF6 /* Build configuration list for PBXNativeTarget "ToDoList" */;
			buildPhases = (
				7966C08E27DBA3F800DB2AF6 /* Sources */,
				7966C08F27DBA3F800DB2AF6 /* Frameworks */,
				7966C09027DBA3F800DB2AF6 /* Resources */,
			);
			buildRules = (
			);
			dependencies = (
			);
			name = ToDoList;
			packageProductDependencies = (
				79C83F6A27EBAA8500590EEE /* Realm */,
				79C83F6C27EBAA8500590EEE /* RealmSwift */,
				79BF5CC827EF9C1400B2345F /* SwipeCellKit */,
				7971B29427F0DCFD0052F785 /* Hue */,
			);
			productName = ToDoList;
			productReference = 7966C09227DBA3F800DB2AF6 /* ToDoList.app */;
			productType = "com.apple.product-type.application";
		};
/* End PBXNativeTarget section */

/* Begin PBXProject section */
		7966C08A27DBA3F800DB2AF6 /* Project object */ = {
			isa = PBXProject;
			attributes = {
				BuildIndependentTargetsInParallel = 1;
				LastSwiftUpdateCheck = 1320;
				LastUpgradeCheck = 1320;
				TargetAttributes = {
					7966C09127DBA3F800DB2AF6 = {
						CreatedOnToolsVersion = 13.2.1;
					};
				};
			};
			buildConfigurationList = 7966C08D27DBA3F800DB2AF6 /* Build configuration list for PBXProject "ToDoList" */;
			compatibilityVersion = "Xcode 13.0";
			developmentRegion = en;
			hasScannedForEncodings = 0;
			knownRegions = (
				en,
				Base,
			);
			mainGroup = 7966C08927DBA3F800DB2AF6;
			packageReferences = (
				79C83F6927EBAA8500590EEE /* XCRemoteSwiftPackageReference "realm-swift" */,
				79BF5CC727EF9C1400B2345F /* XCRemoteSwiftPackageReference "SwipeCellKit" */,
				7971B29327F0DCFD0052F785 /* XCRemoteSwiftPackageReference "Hue" */,
			);
			productRefGroup = 7966C09327DBA3F800DB2AF6 /* Products */;
			projectDirPath = "";
			projectRoot = "";
			targets = (
				7966C09127DBA3F800DB2AF6 /* ToDoList */,
			);
		};
/* End PBXProject section */

/* Begin PBXResourcesBuildPhase section */
		7966C09027DBA3F800DB2AF6 /* Resources */ = {
			isa = PBXResourcesBuildPhase;
			buildActionMask = 2147483647;
			files = (
				7966C0A227DBA3FA00DB2AF6 /* LaunchScreen.storyboard in Resources */,
				7966C09F27DBA3FA00DB2AF6 /* Assets.xcassets in Resources */,
				7966C09D27DBA3F800DB2AF6 /* Main.storyboard in Resources */,
			);
			runOnlyForDeploymentPostprocessing = 0;
		};
/* End PBXResourcesBuildPhase section */

/* Begin PBXSourcesBuildPhase section */
		7966C08E27DBA3F800DB2AF6 /* Sources */ = {
			isa = PBXSourcesBuildPhase;
			buildActionMask = 2147483647;
			files = (
				79A1BCC027E9257500BB27AC /* CategoryViewController.swift in Sources */,
				7966C09A27DBA3F800DB2AF6 /* ToDoListViewController.swift in Sources */,
				7966C09627DBA3F800DB2AF6 /* AppDelegate.swift in Sources */,
				79BF5CCD27EFE16D00B2345F /* SwipeTableViewController.swift in Sources */,
				79C83F7127ECB66A00590EEE /* Item.swift in Sources */,
				7966C09827DBA3F800DB2AF6 /* SceneDelegate.swift in Sources */,
				79C83F7327ECB67500590EEE /* Category.swift in Sources */,
			);
			runOnlyForDeploymentPostprocessing = 0;
		};
/* End PBXSourcesBuildPhase section */

/* Begin PBXVariantGroup section */
		7966C09B27DBA3F800DB2AF6 /* Main.storyboard */ = {
			isa = PBXVariantGroup;
			children = (
				7966C09C27DBA3F800DB2AF6 /* Base */,
			);
			name = Main.storyboard;
			sourceTree = "<group>";
		};
		7966C0A027DBA3FA00DB2AF6 /* LaunchScreen.storyboard */ = {
			isa = PBXVariantGroup;
			children = (
				7966C0A127DBA3FA00DB2AF6 /* Base */,
			);
			name = LaunchScreen.storyboard;
			sourceTree = "<group>";
		};
/* End PBXVariantGroup section */

/* Begin XCBuildConfiguration section */
		7966C0A427DBA3FA00DB2AF6 /* Debug */ = {
			isa = XCBuildConfiguration;
			buildSettings = {
				ALWAYS_SEARCH_USER_PATHS = NO;
				CLANG_ANALYZER_NONNULL = YES;
				CLANG_ANALYZER_NUMBER_OBJECT_CONVERSION = YES_AGGRESSIVE;
				CLANG_CXX_LANGUAGE_STANDARD = "gnu++17";
				CLANG_CXX_LIBRARY = "libc++";
				CLANG_ENABLE_MODULES = YES;
				CLANG_ENABLE_OBJC_ARC = YES;
				CLANG_ENABLE_OBJC_WEAK = YES;
				CLANG_WARN_BLOCK_CAPTURE_AUTORELEASING = YES;
				CLANG_WARN_BOOL_CONVERSION = YES;
				CLANG_WARN_COMMA = YES;
				CLANG_WARN_CONSTANT_CONVERSION = YES;
				CLANG_WARN_DEPRECATED_OBJC_IMPLEMENTATIONS = YES;
				CLANG_WARN_DIRECT_OBJC_ISA_USAGE = YES_ERROR;
				CLANG_WARN_DOCUMENTATION_COMMENTS = YES;
				CLANG_WARN_EMPTY_BODY = YES;
				CLANG_WARN_ENUM_CONVERSION = YES;
				CLANG_WARN_INFINITE_RECURSION = YES;
				CLANG_WARN_INT_CONVERSION = YES;
				CLANG_WARN_NON_LITERAL_NULL_CONVERSION = YES;
				CLANG_WARN_OBJC_IMPLICIT_RETAIN_SELF = YES;
				CLANG_WARN_OBJC_LITERAL_CONVERSION = YES;
				CLANG_WARN_OBJC_ROOT_CLASS = YES_ERROR;
				CLANG_WARN_QUOTED_INCLUDE_IN_FRAMEWORK_HEADER = YES;
				CLANG_WARN_RANGE_LOOP_ANALYSIS = YES;
				CLANG_WARN_STRICT_PROTOTYPES = YES;
				CLANG_WARN_SUSPICIOUS_MOVE = YES;
				CLANG_WARN_UNGUARDED_AVAILABILITY = YES_AGGRESSIVE;
				CLANG_WARN_UNREACHABLE_CODE = YES;
				CLANG_WARN__DUPLICATE_METHOD_MATCH = YES;
				COPY_PHASE_STRIP = NO;
				DEBUG_INFORMATION_FORMAT = dwarf;
				ENABLE_STRICT_OBJC_MSGSEND = YES;
				ENABLE_TESTABILITY = YES;
				GCC_C_LANGUAGE_STANDARD = gnu11;
				GCC_DYNAMIC_NO_PIC = NO;
				GCC_NO_COMMON_BLOCKS = YES;
				GCC_OPTIMIZATION_LEVEL = 0;
				GCC_PREPROCESSOR_DEFINITIONS = (
					"DEBUG=1",
					"$(inherited)",
				);
				GCC_WARN_64_TO_32_BIT_CONVERSION = YES;
				GCC_WARN_ABOUT_RETURN_TYPE = YES_ERROR;
				GCC_WARN_UNDECLARED_SELECTOR = YES;
				GCC_WARN_UNINITIALIZED_AUTOS = YES_AGGRESSIVE;
				GCC_WARN_UNUSED_FUNCTION = YES;
				GCC_WARN_UNUSED_VARIABLE = YES;
				IPHONEOS_DEPLOYMENT_TARGET = 15.2;
				MTL_ENABLE_DEBUG_INFO = INCLUDE_SOURCE;
				MTL_FAST_MATH = YES;
				ONLY_ACTIVE_ARCH = YES;
				SDKROOT = iphoneos;
				SWIFT_ACTIVE_COMPILATION_CONDITIONS = DEBUG;
				SWIFT_OPTIMIZATION_LEVEL = "-Onone";
			};
			name = Debug;
		};
		7966C0A527DBA3FA00DB2AF6 /* Release */ = {
			isa = XCBuildConfiguration;
			buildSettings = {
				ALWAYS_SEARCH_USER_PATHS = NO;
				CLANG_ANALYZER_NONNULL = YES;
				CLANG_ANALYZER_NUMBER_OBJECT_CONVERSION = YES_AGGRESSIVE;
				CLANG_CXX_LANGUAGE_STANDARD = "gnu++17";
				CLANG_CXX_LIBRARY = "libc++";
				CLANG_ENABLE_MODULES = YES;
				CLANG_ENABLE_OBJC_ARC = YES;
				CLANG_ENABLE_OBJC_WEAK = YES;
				CLANG_WARN_BLOCK_CAPTURE_AUTORELEASING = YES;
				CLANG_WARN_BOOL_CONVERSION = YES;
				CLANG_WARN_COMMA = YES;
				CLANG_WARN_CONSTANT_CONVERSION = YES;
				CLANG_WARN_DEPRECATED_OBJC_IMPLEMENTATIONS = YES;
				CLANG_WARN_DIRECT_OBJC_ISA_USAGE = YES_ERROR;
				CLANG_WARN_DOCUMENTATION_COMMENTS = YES;
				CLANG_WARN_EMPTY_BODY = YES;
				CLANG_WARN_ENUM_CONVERSION = YES;
				CLANG_WARN_INFINITE_RECURSION = YES;
				CLANG_WARN_INT_CONVERSION = YES;
				CLANG_WARN_NON_LITERAL_NULL_CONVERSION = YES;
				CLANG_WARN_OBJC_IMPLICIT_RETAIN_SELF = YES;
				CLANG_WARN_OBJC_LITERAL_CONVERSION = YES;
				CLANG_WARN_OBJC_ROOT_CLASS = YES_ERROR;
				CLANG_WARN_QUOTED_INCLUDE_IN_FRAMEWORK_HEADER = YES;
				CLANG_WARN_RANGE_LOOP_ANALYSIS = YES;
				CLANG_WARN_STRICT_PROTOTYPES = YES;
				CLANG_WARN_SUSPICIOUS_MOVE = YES;
				CLANG_WARN_UNGUARDED_AVAILABILITY = YES_AGGRESSIVE;
				CLANG_WARN_UNREACHABLE_CODE = YES;
				CLANG_WARN__DUPLICATE_METHOD_MATCH = YES;
				COPY_PHASE_STRIP = NO;
				DEBUG_INFORMATION_FORMAT = "dwarf-with-dsym";
				ENABLE_NS_ASSERTIONS = NO;
				ENABLE_STRICT_OBJC_MSGSEND = YES;
				GCC_C_LANGUAGE_STANDARD = gnu11;
				GCC_NO_COMMON_BLOCKS = YES;
				GCC_WARN_64_TO_32_BIT_CONVERSION = YES;
				GCC_WARN_ABOUT_RETURN_TYPE = YES_ERROR;
				GCC_WARN_UNDECLARED_SELECTOR = YES;
				GCC_WARN_UNINITIALIZED_AUTOS = YES_AGGRESSIVE;
				GCC_WARN_UNUSED_FUNCTION = YES;
				GCC_WARN_UNUSED_VARIABLE = YES;
				IPHONEOS_DEPLOYMENT_TARGET = 15.2;
				MTL_ENABLE_DEBUG_INFO = NO;
				MTL_FAST_MATH = YES;
				SDKROOT = iphoneos;
				SWIFT_COMPILATION_MODE = wholemodule;
				SWIFT_OPTIMIZATION_LEVEL = "-O";
				VALIDATE_PRODUCT = YES;
			};
			name = Release;
		};
		7966C0A727DBA3FA00DB2AF6 /* Debug */ = {
			isa = XCBuildConfiguration;
			buildSettings = {
				ASSETCATALOG_COMPILER_APPICON_NAME = AppIcon;
				ASSETCATALOG_COMPILER_GLOBAL_ACCENT_COLOR_NAME = AccentColor;
				CODE_SIGN_STYLE = Automatic;
				CURRENT_PROJECT_VERSION = 1;
				DEVELOPMENT_TEAM = 52G4MQR5UN;
				GENERATE_INFOPLIST_FILE = YES;
				INFOPLIST_FILE = ToDoList/Info.plist;
				INFOPLIST_KEY_UIApplicationSupportsIndirectInputEvents = YES;
				INFOPLIST_KEY_UILaunchStoryboardName = LaunchScreen;
				INFOPLIST_KEY_UIMainStoryboardFile = Main;
				INFOPLIST_KEY_UISupportedInterfaceOrientations_iPad = "UIInterfaceOrientationPortrait UIInterfaceOrientationPortraitUpsideDown UIInterfaceOrientationLandscapeLeft UIInterfaceOrientationLandscapeRight";
				INFOPLIST_KEY_UISupportedInterfaceOrientations_iPhone = "UIInterfaceOrientationPortrait UIInterfaceOrientationLandscapeLeft UIInterfaceOrientationLandscapeRight";
				LD_RUNPATH_SEARCH_PATHS = (
					"$(inherited)",
					"@executable_path/Frameworks",
				);
				MARKETING_VERSION = 1.0;
				PRODUCT_BUNDLE_IDENTIFIER = co.DarioMintzer.ToDoList;
				PRODUCT_NAME = "$(TARGET_NAME)";
				SWIFT_EMIT_LOC_STRINGS = YES;
				SWIFT_VERSION = 5.0;
				TARGETED_DEVICE_FAMILY = "1,2";
			};
			name = Debug;
		};
		7966C0A827DBA3FA00DB2AF6 /* Release */ = {
			isa = XCBuildConfiguration;
			buildSettings = {
				ASSETCATALOG_COMPILER_APPICON_NAME = AppIcon;
				ASSETCATALOG_COMPILER_GLOBAL_ACCENT_COLOR_NAME = AccentColor;
				CODE_SIGN_STYLE = Automatic;
				CURRENT_PROJECT_VERSION = 1;
				DEVELOPMENT_TEAM = 52G4MQR5UN;
				GENERATE_INFOPLIST_FILE = YES;
				INFOPLIST_FILE = ToDoList/Info.plist;
				INFOPLIST_KEY_UIApplicationSupportsIndirectInputEvents = YES;
				INFOPLIST_KEY_UILaunchStoryboardName = LaunchScreen;
				INFOPLIST_KEY_UIMainStoryboardFile = Main;
				INFOPLIST_KEY_UISupportedInterfaceOrientations_iPad = "UIInterfaceOrientationPortrait UIInterfaceOrientationPortraitUpsideDown UIInterfaceOrientationLandscapeLeft UIInterfaceOrientationLandscapeRight";
				INFOPLIST_KEY_UISupportedInterfaceOrientations_iPhone = "UIInterfaceOrientationPortrait UIInterfaceOrientationLandscapeLeft UIInterfaceOrientationLandscapeRight";
				LD_RUNPATH_SEARCH_PATHS = (
					"$(inherited)",
					"@executable_path/Frameworks",
				);
				MARKETING_VERSION = 1.0;
				PRODUCT_BUNDLE_IDENTIFIER = co.DarioMintzer.ToDoList;
				PRODUCT_NAME = "$(TARGET_NAME)";
				SWIFT_EMIT_LOC_STRINGS = YES;
				SWIFT_VERSION = 5.0;
				TARGETED_DEVICE_FAMILY = "1,2";
			};
			name = Release;
		};
/* End XCBuildConfiguration section */

/* Begin XCConfigurationList section */
		7966C08D27DBA3F800DB2AF6 /* Build configuration list for PBXProject "ToDoList" */ = {
			isa = XCConfigurationList;
			buildConfigurations = (
				7966C0A427DBA3FA00DB2AF6 /* Debug */,
				7966C0A527DBA3FA00DB2AF6 /* Release */,
			);
			defaultConfigurationIsVisible = 0;
			defaultConfigurationName = Release;
		};
		7966C0A627DBA3FA00DB2AF6 /* Build configuration list for PBXNativeTarget "ToDoList" */ = {
			isa = XCConfigurationList;
			buildConfigurations = (
				7966C0A727DBA3FA00DB2AF6 /* Debug */,
				7966C0A827DBA3FA00DB2AF6 /* Release */,
			);
			defaultConfigurationIsVisible = 0;
			defaultConfigurationName = Release;
		};
/* End XCConfigurationList section */

/* Begin XCRemoteSwiftPackageReference section */
		7971B29327F0DCFD0052F785 /* XCRemoteSwiftPackageReference "Hue" */ = {
			isa = XCRemoteSwiftPackageReference;
			repositoryURL = "https://github.com/zenangst/Hue";
			requirement = {
				kind = upToNextMajorVersion;
				minimumVersion = 5.0.0;
			};
		};
		79BF5CC727EF9C1400B2345F /* XCRemoteSwiftPackageReference "SwipeCellKit" */ = {
			isa = XCRemoteSwiftPackageReference;
			repositoryURL = "https://github.com/SwipeCellKit/SwipeCellKit";
			requirement = {
				kind = upToNextMajorVersion;
				minimumVersion = 2.0.0;
			};
		};
		79C83F6927EBAA8500590EEE /* XCRemoteSwiftPackageReference "realm-swift" */ = {
			isa = XCRemoteSwiftPackageReference;
			repositoryURL = "https://github.com/realm/realm-swift.git";
			requirement = {
				branch = master;
				kind = branch;
			};
		};
/* End XCRemoteSwiftPackageReference section */

/* Begin XCSwiftPackageProductDependency section */
		7971B29427F0DCFD0052F785 /* Hue */ = {
			isa = XCSwiftPackageProductDependency;
			package = 7971B29327F0DCFD0052F785 /* XCRemoteSwiftPackageReference "Hue" */;
			productName = Hue;
		};
		79BF5CC827EF9C1400B2345F /* SwipeCellKit */ = {
			isa = XCSwiftPackageProductDependency;
			package = 79BF5CC727EF9C1400B2345F /* XCRemoteSwiftPackageReference "SwipeCellKit" */;
			productName = SwipeCellKit;
		};
		79C83F6A27EBAA8500590EEE /* Realm */ = {
			isa = XCSwiftPackageProductDependency;
			package = 79C83F6927EBAA8500590EEE /* XCRemoteSwiftPackageReference "realm-swift" */;
			productName = Realm;
		};
		79C83F6C27EBAA8500590EEE /* RealmSwift */ = {
			isa = XCSwiftPackageProductDependency;
			package = 79C83F6927EBAA8500590EEE /* XCRemoteSwiftPackageReference "realm-swift" */;
			productName = RealmSwift;
		};
/* End XCSwiftPackageProductDependency section */
	};
	rootObject = 7966C08A27DBA3F800DB2AF6 /* Project object */;
}
